<?xml version="1.0" encoding="UTF-8"?>
<Scheme
   LastUpgradeVersion = "2600"
   version = "1.3">
   <TestAction
      buildConfiguration = "Debug">
      <TestPlans>
         <TestPlanReference
            reference = "container:DivKitRegressionUITests.xctestplan"
            default = "YES">
         </TestPlanReference>
      </TestPlans>
   </TestAction>
</Scheme>
