<?xml version="1.0" encoding="UTF-8"?>
<Scheme
   LastUpgradeVersion = "2600"
   version = "1.3">
   <TestAction
      buildConfiguration = "Debug">
      <Testables>
         <TestableReference
            skipped = "NO">
            <BuildableReference
               BuildableIdentifier = "primary"
               BlueprintIdentifier = "D97630000000000000000001"
               BuildableName = "DivKitRegressionUITests.xctest"
               BlueprintName = "DivKitRegressionUITests"
               ReferencedContainer = "container:DivKit.xcodeproj">
            </BuildableReference>
         </TestableReference>
      </Testables>
   </TestAction>
</Scheme>
