<?xml version="1.0" encoding="UTF-8"?>
<Scheme
   LastUpgradeVersion = "1340"
   version = "1.3">
   <BuildAction
      parallelizeBuildables = "YES"
      buildImplicitDependencies = "YES">
      <BuildActionEntries>
         <BuildActionEntry
            buildForTesting = "YES"
            buildForRunning = "NO"
            buildForProfiling = "NO"
            buildForArchiving = "NO"
            buildForAnalyzing = "NO">
            <BuildableReference
               BuildableIdentifier = "primary"
               BlueprintIdentifier = "8CF329232875D534003F799A"
               BuildableName = "LayoutKitTests.xctest"
               BlueprintName = "LayoutKitTests"
               ReferencedContainer = "container:DivKit.xcodeproj">
            </BuildableReference>
         </BuildActionEntry>
         <BuildActionEntry
            buildForTesting = "YES"
            buildForRunning = "NO"
            buildForProfiling = "NO"
            buildForArchiving = "NO"
            buildForAnalyzing = "NO">
            <BuildableReference
               BuildableIdentifier = "primary"
               BlueprintIdentifier = "8C1CF633286B58810016D0A1"
               BuildableName = "TemplatesSupportTests.xctest"
               BlueprintName = "TemplatesSupportTests"
               ReferencedContainer = "container:DivKit.xcodeproj">
            </BuildableReference>
         </BuildActionEntry>
      </BuildActionEntries>
   </BuildAction>
   <TestAction
      buildConfiguration = "Debug"
      selectedDebuggerIdentifier = "Xcode.DebuggerFoundation.Debugger.LLDB"
      selectedLauncherIdentifier = "Xcode.DebuggerFoundation.Launcher.LLDB"
      shouldUseLaunchSchemeArgsEnv = "YES">
      <Testables>
         <TestableReference
            skipped = "NO">
            <BuildableReference
               BuildableIdentifier = "primary"
               BlueprintIdentifier = "8C7B1B192865BFF10036EF4C"
               BuildableName = "DivKitTests.xctest"
               BlueprintName = "DivKitTests"
               ReferencedContainer = "container:DivKit.xcodeproj">
            </BuildableReference>
         </TestableReference>
         <TestableReference
            skipped = "NO">
            <BuildableReference
               BuildableIdentifier = "primary"
               BlueprintIdentifier = "8CF329232875D534003F799A"
               BuildableName = "LayoutKitTests.xctest"
               BlueprintName = "LayoutKitTests"
               ReferencedContainer = "container:DivKit.xcodeproj">
            </BuildableReference>
         </TestableReference>
         <TestableReference
            skipped = "NO">
            <BuildableReference
               BuildableIdentifier = "primary"
               BlueprintIdentifier = "8C1CF633286B58810016D0A1"
               BuildableName = "TemplatesSupportTests.xctest"
               BlueprintName = "TemplatesSupportTests"
               ReferencedContainer = "container:DivKit.xcodeproj">
            </BuildableReference>
         </TestableReference>
         <TestableReference
            skipped = "NO">
            <BuildableReference
               BuildableIdentifier = "primary"
               BlueprintIdentifier = "6178F74C28E2095100FE1648"
               BuildableName = "LayoutKit_iOSTests.xctest"
               BlueprintName = "LayoutKit_iOSTests"
               ReferencedContainer = "container:DivKit.xcodeproj">
            </BuildableReference>
         </TestableReference>
      </Testables>
   </TestAction>
   <LaunchAction
      buildConfiguration = "Debug"
      selectedDebuggerIdentifier = "Xcode.DebuggerFoundation.Debugger.LLDB"
      selectedLauncherIdentifier = "Xcode.DebuggerFoundation.Launcher.LLDB"
      launchStyle = "0"
      useCustomWorkingDirectory = "NO"
      ignoresPersistentStateOnLaunch = "NO"
      debugDocumentVersioning = "YES"
      debugServiceExtension = "internal"
      allowLocationSimulation = "YES">
   </LaunchAction>
   <ProfileAction
      buildConfiguration = "Release"
      shouldUseLaunchSchemeArgsEnv = "YES"
      savedToolIdentifier = ""
      useCustomWorkingDirectory = "NO"
      debugDocumentVersioning = "YES">
   </ProfileAction>
   <AnalyzeAction
      buildConfiguration = "Debug">
   </AnalyzeAction>
   <ArchiveAction
      buildConfiguration = "Release"
      revealArchiveInOrganizer = "YES">
   </ArchiveAction>
</Scheme>
