PODS:
  - DivKit (32.20.0):
    - DivKit_LayoutKit (= 32.20.0)
    - DivKit_Serialization (= 32.20.0)
    - VGSL (~> 7.7)
  - DivKit_LayoutKit (32.20.0):
    - DivKit_LayoutKitInterface (= 32.20.0)
    - VGSL (~> 7.7)
  - DivKit_LayoutKitInterface (32.20.0):
    - VGSL (~> 7.7)
  - DivKit_Serialization (32.20.0):
    - VGSL (~> 7.7)
  - DivKitExtensions (32.20.0):
    - DivKit (= 32.20.0)
  - DivKitKMP (32.20.0):
    - DivKit (= 32.20.0)
    - DivKitExtensions (= 32.20.0)
  - VGSL (7.9.3):
    - VGSLFundamentals (= 7.9.3)
    - VGSLNetworking (= 7.9.3)
    - VGSLUI (= 7.9.3)
  - VGSLFundamentals (7.9.3)
  - VGSLNetworking (7.9.3):
    - VGSLFundamentals (= 7.9.3)
    - VGSLUI (= 7.9.3)
  - VGSLUI (7.9.3):
    - VGSLFundamentals (= 7.9.3)

DEPENDENCIES:
  - DivKitKMP (from `../../divkit-multiplatform/DivKitKMP`)

SPEC REPOS:
  trunk:
    - DivKit
    - DivKit_LayoutKit
    - DivKit_LayoutKitInterface
    - DivKit_Serialization
    - DivKitExtensions
    - VGSL
    - VGSLFundamentals
    - VGSLNetworking
    - VGSLUI

EXTERNAL SOURCES:
  DivKitKMP:
    :path: "../../divkit-multiplatform/DivKitKMP"

SPEC CHECKSUMS:
  DivKit: 35c84ce51e964f96f39638880374899174b20721
  DivKit_LayoutKit: 68b8a2055861f3da2af1dcef072045706c5b008d
  DivKit_LayoutKitInterface: beb28f43f32207c93a09a99d132288af697d0fe1
  DivKit_Serialization: a7e496b5392153e47b3497eb05ee3ab552effe9d
  DivKitExtensions: 280b78c28513ec2db91242dd05c2a0c3eb98922e
  DivKitKMP: ece457c3daf652bea77b183b68377972d379d465
  VGSL: 1151762ca6ae47989eda7cccfec5f1b5aed09c9f
  VGSLFundamentals: 7e8fa7a891329928af4ef23bf2ea6211e54e06ac
  VGSLNetworking: 043cc3a6a1227c709e7ff44e9347af3972853047
  VGSLUI: 7536dcd32baad81282a30ecda00c54a69ebc79af

PODFILE CHECKSUM: d6a16f2757fae6a8b9bc890d8f61fa4cd1dabc22

COCOAPODS: 1.16.2
