PODS:
  - DivKit (32.35.0):
    - DivKit_LayoutKit (= 32.35.0)
    - DivKit_Serialization (= 32.35.0)
    - VGSL (~> 7.12)
  - DivKit_LayoutKit (32.35.0):
    - DivKit_LayoutKitInterface (= 32.35.0)
    - VGSL (~> 7.12)
  - DivKit_LayoutKitInterface (32.35.0):
    - VGSL (~> 7.12)
  - DivKit_Serialization (32.35.0):
    - VGSL (~> 7.12)
  - DivKitExtensions (32.35.0):
    - DivKit (= 32.35.0)
  - DivKitKMP (32.35.0):
    - DivKit (= 32.35.0)
    - DivKitExtensions (= 32.35.0)
  - VGSL (7.19.0):
    - VGSLFundamentals (= 7.19.0)
    - VGSLNetworking (= 7.19.0)
    - VGSLUI (= 7.19.0)
  - VGSLFundamentals (7.19.0)
  - VGSLNetworking (7.19.0):
    - VGSLFundamentals (= 7.19.0)
    - VGSLUI (= 7.19.0)
  - VGSLUI (7.19.0):
    - VGSLFundamentals (= 7.19.0)

DEPENDENCIES:
  - DivKitKMP (from `../../divkit-multiplatform/DivKitKMP`)

SPEC REPOS:
  trunk:
    - DivKit
    - DivKit_LayoutKit
    - DivKit_LayoutKitInterface
    - DivKit_Serialization
    - DivKitExtensions
    - VGSL
    - VGSLFundamentals
    - VGSLNetworking
    - VGSLUI

EXTERNAL SOURCES:
  DivKitKMP:
    :path: "../../divkit-multiplatform/DivKitKMP"

SPEC CHECKSUMS:
  DivKit: 3dbffa1f9b303ba9f95ea4fc2b48375440768da2
  DivKit_LayoutKit: c5025c06af360dc2b1a539b17567bfb628bd3755
  DivKit_LayoutKitInterface: f31972d07134bdd373823ed31c0097eff5b9837f
  DivKit_Serialization: c15fa9eb3878dda9710a30a19a395e61a9d2e118
  DivKitExtensions: 2dd13f295a717e0e4de3810b69c8865f90125195
  DivKitKMP: 83316de3342542a9a6a2f49d5bcb8e46d73cdfae
  VGSL: 75984a3b526265aa3a231ca69f17807079f97c7e
  VGSLFundamentals: 3d10d98d88fe1094415b1bf8f473f99f44d4ed2c
  VGSLNetworking: 9454665ea5a91f2af656ce4cec064b7292c02d5f
  VGSLUI: 11d1a11dbe0b11777eb9f2a73d22508490ccb6de

PODFILE CHECKSUM: d6a16f2757fae6a8b9bc890d8f61fa4cd1dabc22

COCOAPODS: 1.16.2
