PODS:
  - DivKit (32.38.0):
    - DivKit_LayoutKit (= 32.38.0)
    - DivKit_Serialization (= 32.38.0)
    - VGSL (~> 7.12)
  - DivKit_LayoutKit (32.38.0):
    - DivKit_LayoutKitInterface (= 32.38.0)
    - VGSL (~> 7.12)
  - DivKit_LayoutKitInterface (32.38.0):
    - VGSL (~> 7.12)
  - DivKit_Serialization (32.38.0):
    - VGSL (~> 7.12)
  - DivKitExtensions (32.38.0):
    - DivKit (= 32.38.0)
  - DivKitKMP (32.38.0):
    - DivKit (= 32.38.0)
    - DivKitExtensions (= 32.38.0)
  - VGSL (7.19.1):
    - VGSLFundamentals (= 7.19.1)
    - VGSLNetworking (= 7.19.1)
    - VGSLUI (= 7.19.1)
  - VGSLFundamentals (7.19.1)
  - VGSLNetworking (7.19.1):
    - VGSLFundamentals (= 7.19.1)
    - VGSLUI (= 7.19.1)
  - VGSLUI (7.19.1):
    - VGSLFundamentals (= 7.19.1)

DEPENDENCIES:
  - DivKitKMP (from `../../divkit-multiplatform/DivKitKMP`)

SPEC REPOS:
  trunk:
    - DivKit
    - DivKit_LayoutKit
    - DivKit_LayoutKitInterface
    - DivKit_Serialization
    - DivKitExtensions
    - VGSL
    - VGSLFundamentals
    - VGSLNetworking
    - VGSLUI

EXTERNAL SOURCES:
  DivKitKMP:
    :path: "../../divkit-multiplatform/DivKitKMP"

SPEC CHECKSUMS:
  DivKit: 87422c6265ee9f81f483b3ceb63b6bf8f7012c8d
  DivKit_LayoutKit: 1b4ea711f425245cfc50ff86d319731458cac19f
  DivKit_LayoutKitInterface: 0e9be197ea22efed67c663a609d2f690b6731469
  DivKit_Serialization: c2fab65288397ea29bd91d3966c07d2d12ee608d
  DivKitExtensions: 08d57b3cab5ca255ae88f812168380a44b405fc1
  DivKitKMP: 28fa257455a5ea2815cc5f930831bb89d89679ac
  VGSL: 11fa7ce04704742563023605ebae5f1f07650402
  VGSLFundamentals: 06fafc043931efd4023be34bd98bec6df05a0080
  VGSLNetworking: dfc9d7a2244def8272afc0ca1af6fd417ecbf7c6
  VGSLUI: e4809e668479fb6c151970d1097a086b6c7c176b

PODFILE CHECKSUM: d6a16f2757fae6a8b9bc890d8f61fa4cd1dabc22

COCOAPODS: 1.16.2
