{
    "name": "ssr",
    "version": "1.0.0",
    "lockfileVersion": 1,
    "requires": true,
    "dependencies": {
        "@yandex-int/divkit": {
            "version": "0.2.3",
            "resolved": "https://npm.yandex-team.ru/@yandex-int%2fdivkit/-/divkit-0.2.3.tgz?rbtorrent=63b7a818c803cab7eb803dce406e166895077098",
            "integrity": "sha512-AiZVMREII+EFwaHdY3wnLE24Gp9YfdkqLjTsjQDkyqo/VVPEsbiLfMj9TSZzmv6lauA0TCipZaybmv2RYtVTcg=="
        },
        "@yandex-int/divkit-react": {
            "version": "0.1.4",
            "resolved": "https://npm.yandex-team.ru/@yandex-int%2fdivkit-react/-/divkit-react-0.1.4.tgz?rbtorrent=5d30c87903a83f65f1a59e60b985e1f2b747fe73",
            "integrity": "sha512-ozZQyIYx1ZCrW5e8SlLXjCsx+Ws1bU/oEXTeQMwV4yRTZgFZ9N0OjyXXY/oz6ibBEo52ZCrzbHmrdb1mWK1OPQ=="
        }
    }
}
