{
    "name": "ssr",
    "version": "1.0.0",
    "lockfileVersion": 2,
    "requires": true,
    "packages": {
        "": {
            "version": "1.0.0",
            "license": "UNLICENSED",
            "devDependencies": {
                "@divkitframework/divkit": "16.0.0"
            }
        },
        "node_modules/@divkitframework/divkit": {
            "version": "16.0.0",
            "resolved": "https://registry.npmjs.org/@divkitframework/divkit/-/divkit-16.0.0.tgz",
            "integrity": "sha512-2juxuHMHNld8hCMO93si2nndfLEs0VkOSiNFNTfU6koNMW62W9+kxkmoZ5WtCghHdqxFz2mWRWiiwDh0Qt3APA==",
            "dev": true
        }
    },
    "dependencies": {
        "@divkitframework/divkit": {
            "version": "16.0.0",
            "resolved": "https://registry.npmjs.org/@divkitframework/divkit/-/divkit-16.0.0.tgz",
            "integrity": "sha512-2juxuHMHNld8hCMO93si2nndfLEs0VkOSiNFNTfU6koNMW62W9+kxkmoZ5WtCghHdqxFz2mWRWiiwDh0Qt3APA==",
            "dev": true
        }
    }
}
