PODS:
  - DivKit (3.0.1):
    - DivKit_Base (= 3.0.1)
    - DivKit_BaseTiny (= 3.0.1)
    - DivKit_BaseUI (= 3.0.1)
    - DivKit_CommonCore (= 3.0.1)
    - DivKit_CommonCoreTiny (= 3.0.1)
    - DivKit_LayoutKit (= 3.0.1)
    - DivKit_LayoutKitInterface (= 3.0.1)
    - DivKit_Networking (= 3.0.1)
    - DivKit_Serialization (= 3.0.1)
    - DivKit_TemplatesSupport (= 3.0.1)
  - DivKit_Base (3.0.1):
    - DivKit_BaseTiny (= 3.0.1)
    - DivKit_BaseUI (= 3.0.1)
  - DivKit_BaseTiny (3.0.1)
  - DivKit_BaseUI (3.0.1):
    - DivKit_BaseTiny (= 3.0.1)
  - DivKit_CommonCore (3.0.1):
    - DivKit_Base (= 3.0.1)
    - DivKit_BaseTiny (= 3.0.1)
    - DivKit_CommonCoreTiny (= 3.0.1)
  - DivKit_CommonCoreTiny (3.0.1):
    - DivKit_BaseTiny (= 3.0.1)
  - DivKit_LayoutKit (3.0.1):
    - DivKit_BaseTiny (= 3.0.1)
    - DivKit_BaseUI (= 3.0.1)
    - DivKit_CommonCore (= 3.0.1)
    - DivKit_LayoutKitInterface (= 3.0.1)
  - DivKit_LayoutKitInterface (3.0.1):
    - DivKit_Base (= 3.0.1)
    - DivKit_BaseTiny (= 3.0.1)
    - DivKit_BaseUI (= 3.0.1)
  - DivKit_Networking (3.0.1):
    - DivKit_Base (= 3.0.1)
  - DivKit_Serialization (3.0.1):
    - DivKit_CommonCore (= 3.0.1)
  - DivKit_TemplatesSupport (3.0.1):
    - DivKit_CommonCore (= 3.0.1)
    - DivKit_Serialization (= 3.0.1)

DEPENDENCIES:
  - DivKit

SPEC REPOS:
  trunk:
    - DivKit
    - DivKit_Base
    - DivKit_BaseTiny
    - DivKit_BaseUI
    - DivKit_CommonCore
    - DivKit_CommonCoreTiny
    - DivKit_LayoutKit
    - DivKit_LayoutKitInterface
    - DivKit_Networking
    - DivKit_Serialization
    - DivKit_TemplatesSupport

SPEC CHECKSUMS:
  DivKit: a30b78ab67b4d95101fa718184fb1d25a444d08c
  DivKit_Base: f6082a610e9f1b1d479e5de451cfd180e659f8e9
  DivKit_BaseTiny: 0305dee8604b0e02359bdbc07c2c1bad85f1794f
  DivKit_BaseUI: 4d0f4aa778e8f17c4dd155ccf5743506532522fd
  DivKit_CommonCore: 0df3f72fd53d70385543d55157e87c9f5aa2fe9c
  DivKit_CommonCoreTiny: 467f54615c271c0719a250408d5f83537e66d8ad
  DivKit_LayoutKit: 7e8e9172353c5e82fdf28ccc9049f4992610597a
  DivKit_LayoutKitInterface: 5638a27e007b360d832e27cc1cf7c337f4c69b1b
  DivKit_Networking: 7af6e18d89466fa88ed6020f1580e04ed9fca078
  DivKit_Serialization: de127ecb47e2b7091b6770bc7eaa53c11db84055
  DivKit_TemplatesSupport: 510e4dfad1d6f309d18441049e894eb39dab7315

PODFILE CHECKSUM: 882bddb347c8a337706f14a5f75fa36c7bbabeb0

COCOAPODS: 1.11.3
