// !$*UTF8*$!
{
	archiveVersion = 1;
	classes = {
	};
	objectVersion = 56;
	objects = {

/* Begin PBXBuildFile section */
		35E7FB8C369C4F70D30669EE /* Pods_iosApp.framework in Frameworks */ = {isa = PBXBuildFile; fileRef = 1D2BBBF12BA32F06DC0A2E6A /* Pods_iosApp.framework */; };
		A93A953B29CC810C00F8E227 /* iosApp.swift in Sources */ = {isa = PBXBuildFile; fileRef = A93A953A29CC810C00F8E227 /* iosApp.swift */; };
		A93A953F29CC810D00F8E227 /* Assets.xcassets in Resources */ = {isa = PBXBuildFile; fileRef = A93A953E29CC810D00F8E227 /* Assets.xcassets */; };
		A93A954229CC810D00F8E227 /* Preview Assets.xcassets in Resources */ = {isa = PBXBuildFile; fileRef = A93A954129CC810D00F8E227 /* Preview Assets.xcassets */; };
/* End PBXBuildFile section */

/* Begin PBXFileReference section */
		1D2BBBF12BA32F06DC0A2E6A /* Pods_iosApp.framework */ = {isa = PBXFileReference; explicitFileType = wrapper.framework; includeInIndex = 0; path = Pods_iosApp.framework; sourceTree = BUILT_PRODUCTS_DIR; };
		A93A953729CC810C00F8E227 /* divkit-compose.app */ = {isa = PBXFileReference; explicitFileType = wrapper.application; includeInIndex = 0; path = "divkit-compose.app"; sourceTree = BUILT_PRODUCTS_DIR; };
		A93A953A29CC810C00F8E227 /* iosApp.swift */ = {isa = PBXFileReference; lastKnownFileType = sourcecode.swift; path = iosApp.swift; sourceTree = "<group>"; };
		A93A953E29CC810D00F8E227 /* Assets.xcassets */ = {isa = PBXFileReference; lastKnownFileType = folder.assetcatalog; path = Assets.xcassets; sourceTree = "<group>"; };
		A93A954129CC810D00F8E227 /* Preview Assets.xcassets */ = {isa = PBXFileReference; lastKnownFileType = folder.assetcatalog; path = "Preview Assets.xcassets"; sourceTree = "<group>"; };
		AFD3CD6FA1341CD61B93AA8F /* Pods-iosApp.release.xcconfig */ = {isa = PBXFileReference; includeInIndex = 1; lastKnownFileType = text.xcconfig; name = "Pods-iosApp.release.xcconfig"; path = "Target Support Files/Pods-iosApp/Pods-iosApp.release.xcconfig"; sourceTree = "<group>"; };
		FA1F90B7A7954911F3BEA1C6 /* Pods-iosApp.debug.xcconfig */ = {isa = PBXFileReference; includeInIndex = 1; lastKnownFileType = text.xcconfig; name = "Pods-iosApp.debug.xcconfig"; path = "Target Support Files/Pods-iosApp/Pods-iosApp.debug.xcconfig"; sourceTree = "<group>"; };
/* End PBXFileReference section */

/* Begin PBXFrameworksBuildPhase section */
		A93A953429CC810C00F8E227 /* Frameworks */ = {
			isa = PBXFrameworksBuildPhase;
			buildActionMask = 2147483647;
			files = (
				35E7FB8C369C4F70D30669EE /* Pods_iosApp.framework in Frameworks */,
			);
			runOnlyForDeploymentPostprocessing = 0;
		};
/* End PBXFrameworksBuildPhase section */

/* Begin PBXGroup section */
		29445754DB8009A1018E24E5 /* Frameworks */ = {
			isa = PBXGroup;
			children = (
				1D2BBBF12BA32F06DC0A2E6A /* Pods_iosApp.framework */,
			);
			name = Frameworks;
			sourceTree = "<group>";
		};
		9EF3543FB3C0AFDE996C20B2 /* Pods */ = {
			isa = PBXGroup;
			children = (
				FA1F90B7A7954911F3BEA1C6 /* Pods-iosApp.debug.xcconfig */,
				AFD3CD6FA1341CD61B93AA8F /* Pods-iosApp.release.xcconfig */,
			);
			name = Pods;
			path = Pods;
			sourceTree = "<group>";
		};
		A93A952E29CC810C00F8E227 = {
			isa = PBXGroup;
			children = (
				A93A953929CC810C00F8E227 /* iosApp */,
				A93A953829CC810C00F8E227 /* Products */,
				9EF3543FB3C0AFDE996C20B2 /* Pods */,
				29445754DB8009A1018E24E5 /* Frameworks */,
			);
			sourceTree = "<group>";
		};
		A93A953829CC810C00F8E227 /* Products */ = {
			isa = PBXGroup;
			children = (
				A93A953729CC810C00F8E227 /* divkit-compose.app */,
			);
			name = Products;
			sourceTree = "<group>";
		};
		A93A953929CC810C00F8E227 /* iosApp */ = {
			isa = PBXGroup;
			children = (
				A93A953A29CC810C00F8E227 /* iosApp.swift */,
				A93A953E29CC810D00F8E227 /* Assets.xcassets */,
				A93A954029CC810D00F8E227 /* Preview Content */,
			);
			path = iosApp;
			sourceTree = "<group>";
		};
		A93A954029CC810D00F8E227 /* Preview Content */ = {
			isa = PBXGroup;
			children = (
				A93A954129CC810D00F8E227 /* Preview Assets.xcassets */,
			);
			path = "Preview Content";
			sourceTree = "<group>";
		};
/* End PBXGroup section */

/* Begin PBXNativeTarget section */
		A93A953629CC810C00F8E227 /* iosApp */ = {
			isa = PBXNativeTarget;
			buildConfigurationList = A93A954529CC810D00F8E227 /* Build configuration list for PBXNativeTarget "iosApp" */;
			buildPhases = (
				A20605D064276134F6A96E62 /* [CP] Check Pods Manifest.lock */,
				A9D80A052AAB5CDE006C8738 /* ShellScript */,
				A93A953329CC810C00F8E227 /* Sources */,
				A93A953429CC810C00F8E227 /* Frameworks */,
				A93A953529CC810C00F8E227 /* Resources */,
				8AD4346842230D0CD86D12E0 /* [CP] Embed Pods Frameworks */,
			);
			buildRules = (
			);
			dependencies = (
			);
			name = iosApp;
			productName = iosApp;
			productReference = A93A953729CC810C00F8E227 /* divkit-compose.app */;
			productType = "com.apple.product-type.application";
		};
/* End PBXNativeTarget section */

/* Begin PBXProject section */
		A93A952F29CC810C00F8E227 /* Project object */ = {
			isa = PBXProject;
			attributes = {
				LastSwiftUpdateCheck = 1420;
				LastUpgradeCheck = 1420;
				TargetAttributes = {
					A93A953629CC810C00F8E227 = {
						CreatedOnToolsVersion = 14.2;
					};
				};
			};
			buildConfigurationList = A93A953229CC810C00F8E227 /* Build configuration list for PBXProject "iosApp" */;
			compatibilityVersion = "Xcode 14.0";
			developmentRegion = en;
			hasScannedForEncodings = 0;
			knownRegions = (
				en,
				Base,
			);
			mainGroup = A93A952E29CC810C00F8E227;
			productRefGroup = A93A953829CC810C00F8E227 /* Products */;
			projectDirPath = "";
			projectRoot = "";
			targets = (
				A93A953629CC810C00F8E227 /* iosApp */,
			);
		};
/* End PBXProject section */

/* Begin PBXResourcesBuildPhase section */
		A93A953529CC810C00F8E227 /* Resources */ = {
			isa = PBXResourcesBuildPhase;
			buildActionMask = 2147483647;
			files = (
				A93A954229CC810D00F8E227 /* Preview Assets.xcassets in Resources */,
				A93A953F29CC810D00F8E227 /* Assets.xcassets in Resources */,
			);
			runOnlyForDeploymentPostprocessing = 0;
		};
/* End PBXResourcesBuildPhase section */

/* Begin PBXShellScriptBuildPhase section */
		8AD4346842230D0CD86D12E0 /* [CP] Embed Pods Frameworks */ = {
			isa = PBXShellScriptBuildPhase;
			buildActionMask = 2147483647;
			files = (
			);
			inputFileListPaths = (
				"${PODS_ROOT}/Target Support Files/Pods-iosApp/Pods-iosApp-frameworks-${CONFIGURATION}-input-files.xcfilelist",
			);
			name = "[CP] Embed Pods Frameworks";
			outputFileListPaths = (
				"${PODS_ROOT}/Target Support Files/Pods-iosApp/Pods-iosApp-frameworks-${CONFIGURATION}-output-files.xcfilelist",
			);
			runOnlyForDeploymentPostprocessing = 0;
			shellPath = /bin/sh;
			shellScript = "\"${PODS_ROOT}/Target Support Files/Pods-iosApp/Pods-iosApp-frameworks.sh\"\n";
			showEnvVarsInLog = 0;
		};
		A20605D064276134F6A96E62 /* [CP] Check Pods Manifest.lock */ = {
			isa = PBXShellScriptBuildPhase;
			buildActionMask = 2147483647;
			files = (
			);
			inputFileListPaths = (
			);
			inputPaths = (
				"${PODS_PODFILE_DIR_PATH}/Podfile.lock",
				"${PODS_ROOT}/Manifest.lock",
			);
			name = "[CP] Check Pods Manifest.lock";
			outputFileListPaths = (
			);
			outputPaths = (
				"$(DERIVED_FILE_DIR)/Pods-iosApp-checkManifestLockResult.txt",
			);
			runOnlyForDeploymentPostprocessing = 0;
			shellPath = /bin/sh;
			shellScript = "diff \"${PODS_PODFILE_DIR_PATH}/Podfile.lock\" \"${PODS_ROOT}/Manifest.lock\" > /dev/null\nif [ $? != 0 ] ; then\n    # print error to STDERR\n    echo \"error: The sandbox is not in sync with the Podfile.lock. Run 'pod install' or update your CocoaPods installation.\" >&2\n    exit 1\nfi\n# This output is used by Xcode 'outputs' to avoid re-running this script phase.\necho \"SUCCESS\" > \"${SCRIPT_OUTPUT_FILE_0}\"\n";
			showEnvVarsInLog = 0;
		};
		A9D80A052AAB5CDE006C8738 /* ShellScript */ = {
			isa = PBXShellScriptBuildPhase;
			buildActionMask = 2147483647;
			files = (
			);
			inputFileListPaths = (
			);
			inputPaths = (
			);
			outputFileListPaths = (
			);
			outputPaths = (
			);
			runOnlyForDeploymentPostprocessing = 0;
			shellPath = /bin/sh;
			shellScript = "cd \"$SRCROOT/../..\"\n./gradlew :sample:app:embedAndSignAppleFrameworkForXcode\n";
		};
/* End PBXShellScriptBuildPhase section */

/* Begin PBXSourcesBuildPhase section */
		A93A953329CC810C00F8E227 /* Sources */ = {
			isa = PBXSourcesBuildPhase;
			buildActionMask = 2147483647;
			files = (
				A93A953B29CC810C00F8E227 /* iosApp.swift in Sources */,
			);
			runOnlyForDeploymentPostprocessing = 0;
		};
/* End PBXSourcesBuildPhase section */

/* Begin XCBuildConfiguration section */
		A93A954329CC810D00F8E227 /* Debug */ = {
			isa = XCBuildConfiguration;
			buildSettings = {
				ALWAYS_SEARCH_USER_PATHS = NO;
				CLANG_ANALYZER_NONNULL = YES;
				CLANG_ANALYZER_NUMBER_OBJECT_CONVERSION = YES_AGGRESSIVE;
				CLANG_CXX_LANGUAGE_STANDARD = "gnu++20";
				CLANG_ENABLE_MODULES = YES;
				CLANG_ENABLE_OBJC_ARC = YES;
				CLANG_ENABLE_OBJC_WEAK = YES;
				CLANG_WARN_BLOCK_CAPTURE_AUTORELEASING = YES;
				CLANG_WARN_BOOL_CONVERSION = YES;
				CLANG_WARN_COMMA = YES;
				CLANG_WARN_CONSTANT_CONVERSION = YES;
				CLANG_WARN_DEPRECATED_OBJC_IMPLEMENTATIONS = YES;
				CLANG_WARN_DIRECT_OBJC_ISA_USAGE = YES_ERROR;
				CLANG_WARN_DOCUMENTATION_COMMENTS = YES;
				CLANG_WARN_EMPTY_BODY = YES;
				CLANG_WARN_ENUM_CONVERSION = YES;
				CLANG_WARN_INFINITE_RECURSION = YES;
				CLANG_WARN_INT_CONVERSION = YES;
				CLANG_WARN_NON_LITERAL_NULL_CONVERSION = YES;
				CLANG_WARN_OBJC_IMPLICIT_RETAIN_SELF = YES;
				CLANG_WARN_OBJC_LITERAL_CONVERSION = YES;
				CLANG_WARN_OBJC_ROOT_CLASS = YES_ERROR;
				CLANG_WARN_QUOTED_INCLUDE_IN_FRAMEWORK_HEADER = YES;
				CLANG_WARN_RANGE_LOOP_ANALYSIS = YES;
				CLANG_WARN_STRICT_PROTOTYPES = YES;
				CLANG_WARN_SUSPICIOUS_MOVE = YES;
				CLANG_WARN_UNGUARDED_AVAILABILITY = YES_AGGRESSIVE;
				CLANG_WARN_UNREACHABLE_CODE = YES;
				CLANG_WARN__DUPLICATE_METHOD_MATCH = YES;
				COPY_PHASE_STRIP = NO;
				DEBUG_INFORMATION_FORMAT = dwarf;
				ENABLE_STRICT_OBJC_MSGSEND = YES;
				ENABLE_TESTABILITY = YES;
				GCC_C_LANGUAGE_STANDARD = gnu11;
				GCC_DYNAMIC_NO_PIC = NO;
				GCC_NO_COMMON_BLOCKS = YES;
				GCC_OPTIMIZATION_LEVEL = 0;
				GCC_PREPROCESSOR_DEFINITIONS = (
					"DEBUG=1",
					"$(inherited)",
				);
				GCC_WARN_64_TO_32_BIT_CONVERSION = YES;
				GCC_WARN_ABOUT_RETURN_TYPE = YES_ERROR;
				GCC_WARN_UNDECLARED_SELECTOR = YES;
				GCC_WARN_UNINITIALIZED_AUTOS = YES_AGGRESSIVE;
				GCC_WARN_UNUSED_FUNCTION = YES;
				GCC_WARN_UNUSED_VARIABLE = YES;
				IPHONEOS_DEPLOYMENT_TARGET = 16.2;
				MTL_ENABLE_DEBUG_INFO = INCLUDE_SOURCE;
				MTL_FAST_MATH = YES;
				ONLY_ACTIVE_ARCH = YES;
				SDKROOT = iphoneos;
				SWIFT_ACTIVE_COMPILATION_CONDITIONS = DEBUG;
				SWIFT_OPTIMIZATION_LEVEL = "-Onone";
			};
			name = Debug;
		};
		A93A954429CC810D00F8E227 /* Release */ = {
			isa = XCBuildConfiguration;
			buildSettings = {
				ALWAYS_SEARCH_USER_PATHS = NO;
				CLANG_ANALYZER_NONNULL = YES;
				CLANG_ANALYZER_NUMBER_OBJECT_CONVERSION = YES_AGGRESSIVE;
				CLANG_CXX_LANGUAGE_STANDARD = "gnu++20";
				CLANG_ENABLE_MODULES = YES;
				CLANG_ENABLE_OBJC_ARC = YES;
				CLANG_ENABLE_OBJC_WEAK = YES;
				CLANG_WARN_BLOCK_CAPTURE_AUTORELEASING = YES;
				CLANG_WARN_BOOL_CONVERSION = YES;
				CLANG_WARN_COMMA = YES;
				CLANG_WARN_CONSTANT_CONVERSION = YES;
				CLANG_WARN_DEPRECATED_OBJC_IMPLEMENTATIONS = YES;
				CLANG_WARN_DIRECT_OBJC_ISA_USAGE = YES_ERROR;
				CLANG_WARN_DOCUMENTATION_COMMENTS = YES;
				CLANG_WARN_EMPTY_BODY = YES;
				CLANG_WARN_ENUM_CONVERSION = YES;
				CLANG_WARN_INFINITE_RECURSION = YES;
				CLANG_WARN_INT_CONVERSION = YES;
				CLANG_WARN_NON_LITERAL_NULL_CONVERSION = YES;
				CLANG_WARN_OBJC_IMPLICIT_RETAIN_SELF = YES;
				CLANG_WARN_OBJC_LITERAL_CONVERSION = YES;
				CLANG_WARN_OBJC_ROOT_CLASS = YES_ERROR;
				CLANG_WARN_QUOTED_INCLUDE_IN_FRAMEWORK_HEADER = YES;
				CLANG_WARN_RANGE_LOOP_ANALYSIS = YES;
				CLANG_WARN_STRICT_PROTOTYPES = YES;
				CLANG_WARN_SUSPICIOUS_MOVE = YES;
				CLANG_WARN_UNGUARDED_AVAILABILITY = YES_AGGRESSIVE;
				CLANG_WARN_UNREACHABLE_CODE = YES;
				CLANG_WARN__DUPLICATE_METHOD_MATCH = YES;
				COPY_PHASE_STRIP = NO;
				DEBUG_INFORMATION_FORMAT = "dwarf-with-dsym";
				ENABLE_NS_ASSERTIONS = NO;
				ENABLE_STRICT_OBJC_MSGSEND = YES;
				GCC_C_LANGUAGE_STANDARD = gnu11;
				GCC_NO_COMMON_BLOCKS = YES;
				GCC_WARN_64_TO_32_BIT_CONVERSION = YES;
				GCC_WARN_ABOUT_RETURN_TYPE = YES_ERROR;
				GCC_WARN_UNDECLARED_SELECTOR = YES;
				GCC_WARN_UNINITIALIZED_AUTOS = YES_AGGRESSIVE;
				GCC_WARN_UNUSED_FUNCTION = YES;
				GCC_WARN_UNUSED_VARIABLE = YES;
				IPHONEOS_DEPLOYMENT_TARGET = 16.2;
				MTL_ENABLE_DEBUG_INFO = NO;
				MTL_FAST_MATH = YES;
				SDKROOT = iphoneos;
				SWIFT_COMPILATION_MODE = wholemodule;
				SWIFT_OPTIMIZATION_LEVEL = "-O";
				VALIDATE_PRODUCT = YES;
			};
			name = Release;
		};
		A93A954629CC810D00F8E227 /* Debug */ = {
			isa = XCBuildConfiguration;
			baseConfigurationReference = FA1F90B7A7954911F3BEA1C6 /* Pods-iosApp.debug.xcconfig */;
			buildSettings = {
				ASSETCATALOG_COMPILER_APPICON_NAME = AppIcon;
				ASSETCATALOG_COMPILER_GLOBAL_ACCENT_COLOR_NAME = AccentColor;
				CODE_SIGN_STYLE = Automatic;
				CURRENT_PROJECT_VERSION = 1;
				DEVELOPMENT_ASSET_PATHS = "\"iosApp/Preview Content\"";
				DEVELOPMENT_TEAM = "${TEAM_ID}";
				ENABLE_PREVIEWS = YES;
				FRAMEWORK_SEARCH_PATHS = "$(inherited) \"${PODS_CONFIGURATION_BUILD_DIR}/DivKit\" \"${PODS_CONFIGURATION_BUILD_DIR}/DivKitCompose\" \"${PODS_CONFIGURATION_BUILD_DIR}/DivKitExtensions\" \"${PODS_CONFIGURATION_BUILD_DIR}/DivKit_LayoutKit\" \"${PODS_CONFIGURATION_BUILD_DIR}/DivKit_LayoutKitInterface\" \"${PODS_CONFIGURATION_BUILD_DIR}/DivKit_Serialization\" \"${PODS_CONFIGURATION_BUILD_DIR}/VGSL\" \"${PODS_CONFIGURATION_BUILD_DIR}/VGSLFundamentals\" \"${PODS_CONFIGURATION_BUILD_DIR}/VGSLNetworking\" \"${PODS_CONFIGURATION_BUILD_DIR}/VGSLUI\" \"$(SRCROOT)/../../sample/composeApp/build/xcode-frameworks/$(CONFIGURATION)/$(SDK_NAME)\"";
				GENERATE_INFOPLIST_FILE = YES;
				INFOPLIST_FILE = iosApp/Info.plist;
				INFOPLIST_KEY_UILaunchScreen_Generation = YES;
				LD_RUNPATH_SEARCH_PATHS = (
					"$(inherited)",
					"@executable_path/Frameworks",
				);
				MARKETING_VERSION = 1.0;
				PRODUCT_BUNDLE_IDENTIFIER = com.yandex.divkit.compose.iosApp;
				PRODUCT_NAME = "divkit-compose";
				SWIFT_EMIT_LOC_STRINGS = YES;
				SWIFT_VERSION = 5.0;
				TARGETED_DEVICE_FAMILY = "1,2";
			};
			name = Debug;
		};
		A93A954729CC810D00F8E227 /* Release */ = {
			isa = XCBuildConfiguration;
			baseConfigurationReference = AFD3CD6FA1341CD61B93AA8F /* Pods-iosApp.release.xcconfig */;
			buildSettings = {
				ASSETCATALOG_COMPILER_APPICON_NAME = AppIcon;
				ASSETCATALOG_COMPILER_GLOBAL_ACCENT_COLOR_NAME = AccentColor;
				CODE_SIGN_STYLE = Automatic;
				CURRENT_PROJECT_VERSION = 1;
				DEVELOPMENT_ASSET_PATHS = "\"iosApp/Preview Content\"";
				ENABLE_PREVIEWS = YES;
				FRAMEWORK_SEARCH_PATHS = "$(inherited) \"${PODS_CONFIGURATION_BUILD_DIR}/DivKit\" \"${PODS_CONFIGURATION_BUILD_DIR}/DivKitCompose\" \"${PODS_CONFIGURATION_BUILD_DIR}/DivKitExtensions\" \"${PODS_CONFIGURATION_BUILD_DIR}/DivKit_LayoutKit\" \"${PODS_CONFIGURATION_BUILD_DIR}/DivKit_LayoutKitInterface\" \"${PODS_CONFIGURATION_BUILD_DIR}/DivKit_Serialization\" \"${PODS_CONFIGURATION_BUILD_DIR}/VGSL\" \"${PODS_CONFIGURATION_BUILD_DIR}/VGSLFundamentals\" \"${PODS_CONFIGURATION_BUILD_DIR}/VGSLNetworking\" \"${PODS_CONFIGURATION_BUILD_DIR}/VGSLUI\" \"$(SRCROOT)/../../sample/composeApp/build/xcode-frameworks/$(CONFIGURATION)/$(SDK_NAME)\"";
				GENERATE_INFOPLIST_FILE = YES;
				INFOPLIST_FILE = iosApp/Info.plist;
				INFOPLIST_KEY_UILaunchScreen_Generation = YES;
				LD_RUNPATH_SEARCH_PATHS = (
					"$(inherited)",
					"@executable_path/Frameworks",
				);
				MARKETING_VERSION = 1.0;
				PRODUCT_BUNDLE_IDENTIFIER = com.yandex.divkit.compose.iosApp;
				PRODUCT_NAME = "divkit-compose";
				SWIFT_EMIT_LOC_STRINGS = YES;
				SWIFT_VERSION = 5.0;
				TARGETED_DEVICE_FAMILY = "1,2";
			};
			name = Release;
		};
/* End XCBuildConfiguration section */

/* Begin XCConfigurationList section */
		A93A953229CC810C00F8E227 /* Build configuration list for PBXProject "iosApp" */ = {
			isa = XCConfigurationList;
			buildConfigurations = (
				A93A954329CC810D00F8E227 /* Debug */,
				A93A954429CC810D00F8E227 /* Release */,
			);
			defaultConfigurationIsVisible = 0;
			defaultConfigurationName = Release;
		};
		A93A954529CC810D00F8E227 /* Build configuration list for PBXNativeTarget "iosApp" */ = {
			isa = XCConfigurationList;
			buildConfigurations = (
				A93A954629CC810D00F8E227 /* Debug */,
				A93A954729CC810D00F8E227 /* Release */,
			);
			defaultConfigurationIsVisible = 0;
			defaultConfigurationName = Release;
		};
/* End XCConfigurationList section */
	};
	rootObject = A93A952F29CC810C00F8E227 /* Project object */;
}
