{
  "pins" : [
    {
      "identity" : "divkit-ios",
      "kind" : "remoteSourceControl",
      "location" : "https://github.com/divkit/divkit-ios",
      "state" : {
        "revision" : "9c6581956b4798b7a3f828d63529883f37286082",
        "version" : "27.1.0"
      }
    }
  ],
  "version" : 2
}
