{
    "name": "custom-simple",
    "version": "1.0.0",
    "lockfileVersion": 3,
    "requires": true,
    "packages": {
        "": {
            "name": "custom-simple",
            "version": "1.0.0",
            "license": "UNLICENSED",
            "devDependencies": {
                "@divkitframework/divkit": "28.6.0-canary-f1eee8005aa682b1f02f9f9caec744f889bc1fdb"
            }
        },
        "node_modules/@divkitframework/divkit": {
            "version": "28.6.0-canary-f1eee8005aa682b1f02f9f9caec744f889bc1fdb",
            "resolved": "https://registry.npmjs.org/@divkitframework/divkit/-/divkit-28.6.0-canary-f1eee8005aa682b1f02f9f9caec744f889bc1fdb.tgz",
            "integrity": "sha512-EEqRHNF77NYZhVsYGxQLEku9q5tYniAjFJ0UzsxM2TMwt6lLmJ96hOZbMro6wM7Fh6XuwC3Kjkc6PQdPTUuIXw==",
            "dev": true
        }
    }
}
