PODS:
  - DivKit (32.20.0):
    - DivKit_LayoutKit (= 32.20.0)
    - DivKit_Serialization (= 32.20.0)
    - VGSL (~> 7.7)
  - DivKit_LayoutKit (32.20.0):
    - DivKit_LayoutKitInterface (= 32.20.0)
    - VGSL (~> 7.7)
  - DivKit_LayoutKitInterface (32.20.0):
    - VGSL (~> 7.7)
  - DivKit_Serialization (32.20.0):
    - VGSL (~> 7.7)
  - DivKitExtensions (32.20.0):
    - DivKit (= 32.20.0)
  - DivKitKMP (32.20.0):
    - DivKit (= 32.20.0)
    - DivKitExtensions (= 32.20.0)
  - VGSL (7.10.0):
    - VGSLFundamentals (= 7.10.0)
    - VGSLNetworking (= 7.10.0)
    - VGSLUI (= 7.10.0)
  - VGSLFundamentals (7.10.0)
  - VGSLNetworking (7.10.0):
    - VGSLFundamentals (= 7.10.0)
    - VGSLUI (= 7.10.0)
  - VGSLUI (7.10.0):
    - VGSLFundamentals (= 7.10.0)

DEPENDENCIES:
  - DivKitKMP (from `../`)

SPEC REPOS:
  trunk:
    - DivKit
    - DivKit_LayoutKit
    - DivKit_LayoutKitInterface
    - DivKit_Serialization
    - DivKitExtensions
    - VGSL
    - VGSLFundamentals
    - VGSLNetworking
    - VGSLUI

EXTERNAL SOURCES:
  DivKitKMP:
    :path: "../"

SPEC CHECKSUMS:
  DivKit: 35c84ce51e964f96f39638880374899174b20721
  DivKit_LayoutKit: 68b8a2055861f3da2af1dcef072045706c5b008d
  DivKit_LayoutKitInterface: beb28f43f32207c93a09a99d132288af697d0fe1
  DivKit_Serialization: a7e496b5392153e47b3497eb05ee3ab552effe9d
  DivKitExtensions: 280b78c28513ec2db91242dd05c2a0c3eb98922e
  DivKitKMP: ece457c3daf652bea77b183b68377972d379d465
  VGSL: 35201f96b29f9612ec6b9f3aef7eca13ca9d9153
  VGSLFundamentals: 157636c96e63ec57cb5fa4cf888c3cbd1f46b816
  VGSLNetworking: 2cc60529ee922a7d89ad630d616563b36d574ea2
  VGSLUI: 8c549391f71a9c00067693c26f6c7254f883b69f

PODFILE CHECKSUM: 4009ac52a15ffdedf1dc6002da52adfc1f079b30

COCOAPODS: 1.16.2
