PODS:
  - DivKit (32.34.0):
    - DivKit_LayoutKit (= 32.34.0)
    - DivKit_Serialization (= 32.34.0)
    - VGSL (~> 7.12)
  - DivKit_LayoutKit (32.34.0):
    - DivKit_LayoutKitInterface (= 32.34.0)
    - VGSL (~> 7.12)
  - DivKit_LayoutKitInterface (32.34.0):
    - VGSL (~> 7.12)
  - DivKit_Serialization (32.34.0):
    - VGSL (~> 7.12)
  - DivKitExtensions (32.34.0):
    - DivKit (= 32.34.0)
  - DivKitKMP (32.34.0):
    - DivKit (= 32.34.0)
    - DivKitExtensions (= 32.34.0)
  - VGSL (7.17.0):
    - VGSLFundamentals (= 7.17.0)
    - VGSLNetworking (= 7.17.0)
    - VGSLUI (= 7.17.0)
  - VGSLFundamentals (7.17.0)
  - VGSLNetworking (7.17.0):
    - VGSLFundamentals (= 7.17.0)
    - VGSLUI (= 7.17.0)
  - VGSLUI (7.17.0):
    - VGSLFundamentals (= 7.17.0)

DEPENDENCIES:
  - DivKitKMP (from `../`)

SPEC REPOS:
  trunk:
    - DivKit
    - DivKit_LayoutKit
    - DivKit_LayoutKitInterface
    - DivKit_Serialization
    - DivKitExtensions
    - VGSL
    - VGSLFundamentals
    - VGSLNetworking
    - VGSLUI

EXTERNAL SOURCES:
  DivKitKMP:
    :path: "../"

SPEC CHECKSUMS:
  DivKit: 881278127f072c788d2c009f8999e10e07ab84bc
  DivKit_LayoutKit: f6aff8ae9e966bbb57e0134265066aa1af0746a0
  DivKit_LayoutKitInterface: a11f9e7499ca8e8487456e3439664c5323e3961e
  DivKit_Serialization: be1a4b64ab16062fa0744b716c65b636f94066a4
  DivKitExtensions: 927b102674cd105407bc07a5e8ccc01c4551079c
  DivKitKMP: ff1b5761c7ad9406589975310d0c28da6b1f8906
  VGSL: 6696dd84229c7d3ce8ad9b940e89bbd199e2b12d
  VGSLFundamentals: 5bd45cb6e0b594902aa9f8927402b4d787460bc7
  VGSLNetworking: 4301c663201314d27357078ec8df9dccc631ec62
  VGSLUI: 6cf73663cc3e9fcc808c095f065eb84555a5cd52

PODFILE CHECKSUM: 4009ac52a15ffdedf1dc6002da52adfc1f079b30

COCOAPODS: 1.16.2
