PODS:
  - DivKit (32.35.0):
    - DivKit_LayoutKit (= 32.35.0)
    - DivKit_Serialization (= 32.35.0)
    - VGSL (~> 7.12)
  - DivKit_LayoutKit (32.35.0):
    - DivKit_LayoutKitInterface (= 32.35.0)
    - VGSL (~> 7.12)
  - DivKit_LayoutKitInterface (32.35.0):
    - VGSL (~> 7.12)
  - DivKit_Serialization (32.35.0):
    - VGSL (~> 7.12)
  - DivKitExtensions (32.35.0):
    - DivKit (= 32.35.0)
  - DivKitKMP (32.35.0):
    - DivKit (= 32.35.0)
    - DivKitExtensions (= 32.35.0)
  - VGSL (7.17.0):
    - VGSLFundamentals (= 7.17.0)
    - VGSLNetworking (= 7.17.0)
    - VGSLUI (= 7.17.0)
  - VGSLFundamentals (7.17.0)
  - VGSLNetworking (7.17.0):
    - VGSLFundamentals (= 7.17.0)
    - VGSLUI (= 7.17.0)
  - VGSLUI (7.17.0):
    - VGSLFundamentals (= 7.17.0)

DEPENDENCIES:
  - DivKitKMP (from `../`)

SPEC REPOS:
  trunk:
    - DivKit
    - DivKit_LayoutKit
    - DivKit_LayoutKitInterface
    - DivKit_Serialization
    - DivKitExtensions
    - VGSL
    - VGSLFundamentals
    - VGSLNetworking
    - VGSLUI

EXTERNAL SOURCES:
  DivKitKMP:
    :path: "../"

SPEC CHECKSUMS:
  DivKit: 3dbffa1f9b303ba9f95ea4fc2b48375440768da2
  DivKit_LayoutKit: c5025c06af360dc2b1a539b17567bfb628bd3755
  DivKit_LayoutKitInterface: f31972d07134bdd373823ed31c0097eff5b9837f
  DivKit_Serialization: c15fa9eb3878dda9710a30a19a395e61a9d2e118
  DivKitExtensions: 2dd13f295a717e0e4de3810b69c8865f90125195
  DivKitKMP: 83316de3342542a9a6a2f49d5bcb8e46d73cdfae
  VGSL: 6696dd84229c7d3ce8ad9b940e89bbd199e2b12d
  VGSLFundamentals: 5bd45cb6e0b594902aa9f8927402b4d787460bc7
  VGSLNetworking: 4301c663201314d27357078ec8df9dccc631ec62
  VGSLUI: 6cf73663cc3e9fcc808c095f065eb84555a5cd52

PODFILE CHECKSUM: 4009ac52a15ffdedf1dc6002da52adfc1f079b30

COCOAPODS: 1.16.2
