{
    "name": "ci",
    "version": "1.0.0",
    "lockfileVersion": 2,
    "requires": true,
    "packages": {
        "": {
            "version": "1.0.0",
            "license": "UNLICENSED",
            "dependencies": {
                "@yandex-int/tkit": "1.11.1"
            }
        },
        "node_modules/@yandex-int/tkit": {
            "version": "1.11.1",
            "resolved": "https://npm.yandex-team.ru/@yandex-int%2ftkit/-/tkit-1.11.1.tgz?rbtorrent=94eeee5dcf07d70dd9540ad866fdd35275b0a8be",
            "integrity": "sha512-ruudm5za2njo43ltXF4rI3Foc3UgDpMvpqWBlszW7GXQKZQdbQR0cracKuRnZgpgi1eheQHAANE8PSsuc8IKxg==",
            "license": "UNLICENSED",
            "engines": {
                "node": ">=10"
            }
        }
    },
    "dependencies": {
        "@yandex-int/tkit": {
            "version": "1.11.1",
            "resolved": "https://npm.yandex-team.ru/@yandex-int%2ftkit/-/tkit-1.11.1.tgz?rbtorrent=94eeee5dcf07d70dd9540ad866fdd35275b0a8be",
            "integrity": "sha512-ruudm5za2njo43ltXF4rI3Foc3UgDpMvpqWBlszW7GXQKZQdbQR0cracKuRnZgpgi1eheQHAANE8PSsuc8IKxg=="
        }
    }
}
