{
    "name": "ci",
    "version": "1.0.0",
    "lockfileVersion": 2,
    "requires": true,
    "packages": {
        "": {
            "name": "ci",
            "version": "1.0.0",
            "license": "UNLICENSED",
            "dependencies": {
                "@yandex-int/tkit": "1.15.3"
            }
        },
        "node_modules/@yandex-int/tkit": {
            "version": "1.15.3",
            "resolved": "https://npm.yandex-team.ru/@yandex-int%2ftkit/-/tkit-1.15.3.tgz?rbtorrent=62e5aa2865dd31391ff43edefd842ece9d386818",
            "integrity": "sha512-cyRN8Bm9kkVQ2zNrRYUEC1KxSgnbZGvJF/YOZi8U6hdLkLDvcKrkbiEMN6kBak2gG0DGxdofO8+f4MHDMDcn6A==",
            "license": "UNLICENSED",
            "engines": {
                "node": ">=10"
            }
        }
    },
    "dependencies": {
        "@yandex-int/tkit": {
            "version": "1.15.3",
            "resolved": "https://npm.yandex-team.ru/@yandex-int%2ftkit/-/tkit-1.15.3.tgz?rbtorrent=62e5aa2865dd31391ff43edefd842ece9d386818",
            "integrity": "sha512-cyRN8Bm9kkVQ2zNrRYUEC1KxSgnbZGvJF/YOZi8U6hdLkLDvcKrkbiEMN6kBak2gG0DGxdofO8+f4MHDMDcn6A=="
        }
    }
}
