{
    "name": "ci",
    "version": "1.0.0",
    "lockfileVersion": 2,
    "requires": true,
    "packages": {
        "": {
            "name": "ci",
            "version": "1.0.0",
            "license": "UNLICENSED",
            "dependencies": {
                "@yandex-int/tkit": "1.13.0"
            }
        },
        "node_modules/@yandex-int/tkit": {
            "version": "1.13.0",
            "resolved": "https://npm.yandex-team.ru/@yandex-int%2ftkit/-/tkit-1.13.0.tgz?rbtorrent=81328feba948d4c97202885da57a9a40c68eddff",
            "integrity": "sha512-MZmRotWOmP/ykYObd+JbYn8q1x4GbsP0A6zi1rYlSPhMe1bbEF3EUcG5z8PbHTBxydevCcVCTVfSx/HMZ86Vqw==",
            "license": "UNLICENSED",
            "engines": {
                "node": ">=10"
            }
        }
    },
    "dependencies": {
        "@yandex-int/tkit": {
            "version": "1.13.0",
            "resolved": "https://npm.yandex-team.ru/@yandex-int%2ftkit/-/tkit-1.13.0.tgz?rbtorrent=81328feba948d4c97202885da57a9a40c68eddff",
            "integrity": "sha512-MZmRotWOmP/ykYObd+JbYn8q1x4GbsP0A6zi1rYlSPhMe1bbEF3EUcG5z8PbHTBxydevCcVCTVfSx/HMZ86Vqw=="
        }
    }
}
