PODS:
  - div_expressions_resolver (0.4.3):
    - DivKit (< 31.0, >= 29.0)
    - Flutter
  - DivKit (30.14.0):
    - DivKit_LayoutKit (= 30.14.0)
    - DivKit_Serialization (= 30.14.0)
    - VGSL (~> 6.0)
  - DivKit_LayoutKit (30.14.0):
    - DivKit_LayoutKitInterface (= 30.14.0)
    - VGSL (~> 6.0)
  - DivKit_LayoutKitInterface (30.14.0):
    - VGSL (~> 6.0)
  - DivKit_Serialization (30.14.0):
    - VGSL (~> 6.0)
  - Flutter (1.0.0)
  - integration_test (0.0.1):
    - Flutter
  - path_provider_foundation (0.0.1):
    - Flutter
    - FlutterMacOS
  - sqflite (0.0.3):
    - Flutter
    - FlutterMacOS
  - VGSL (6.4.0):
    - VGSLFundamentals (= 6.4.0)
    - VGSLNetworking (= 6.4.0)
    - VGSLUI (= 6.4.0)
  - VGSLFundamentals (6.4.0)
  - VGSLNetworking (6.4.0):
    - VGSLFundamentals (= 6.4.0)
    - VGSLUI (= 6.4.0)
  - VGSLUI (6.4.0):
    - VGSLFundamentals (= 6.4.0)

DEPENDENCIES:
  - div_expressions_resolver (from `.symlinks/plugins/div_expressions_resolver/ios`)
  - DivKit (~> 30.0)
  - Flutter (from `Flutter`)
  - integration_test (from `.symlinks/plugins/integration_test/ios`)
  - path_provider_foundation (from `.symlinks/plugins/path_provider_foundation/darwin`)
  - sqflite (from `.symlinks/plugins/sqflite/darwin`)

SPEC REPOS:
  trunk:
    - DivKit
    - DivKit_LayoutKit
    - DivKit_LayoutKitInterface
    - DivKit_Serialization
    - VGSL
    - VGSLFundamentals
    - VGSLNetworking
    - VGSLUI

EXTERNAL SOURCES:
  div_expressions_resolver:
    :path: ".symlinks/plugins/div_expressions_resolver/ios"
  Flutter:
    :path: Flutter
  integration_test:
    :path: ".symlinks/plugins/integration_test/ios"
  path_provider_foundation:
    :path: ".symlinks/plugins/path_provider_foundation/darwin"
  sqflite:
    :path: ".symlinks/plugins/sqflite/darwin"

SPEC CHECKSUMS:
  div_expressions_resolver: 4de71072592939bc93c771766e252a21ee07cfd2
  DivKit: cc64dacca7e17969ee8807b85f8f13750c2c2513
  DivKit_LayoutKit: 5ff58184d402a70bf2d7de52e90576115871b5e5
  DivKit_LayoutKitInterface: 43ba8a2bd5693439e93474875ecefbea8f6fba79
  DivKit_Serialization: 46290b7e09f53bf398663b145d6caa74b2612281
  Flutter: e0871f40cf51350855a761d2e70bf5af5b9b5de7
  integration_test: 13825b8a9334a850581300559b8839134b124670
  path_provider_foundation: 2b6b4c569c0fb62ec74538f866245ac84301af46
  sqflite: 673a0e54cc04b7d6dba8d24fb8095b31c3a99eec
  VGSL: 14a67feafe2e6203546d4557f9259d8c705fcb83
  VGSLFundamentals: 9cb06c36cb92a72c77b689a6f5c4802dd18eeb7e
  VGSLNetworking: 0146afd59633755bb3fab997b3a8450f8dcd5f27
  VGSLUI: a963363d2aa3421658245d7b8951029f674e5427

PODFILE CHECKSUM: 33f8f678415c6e69ec46d17ad643bfeacaa66957

COCOAPODS: 1.13.0
